{
    "requires": true,
    "lockfileVersion": 1,
    "dependencies": {
        "hc-sticky": {
            "version": "2.2.3",
            "resolved": "https://registry.npmjs.org/hc-sticky/-/hc-sticky-2.2.3.tgz",
            "integrity": "sha512-dsSYBhwFiYvqya4NXQMX1ODxei5kO6Th7IryVY7DYhUg7bBLsDrTH894JBRBsWUqCgJ+HOCtRiaWJGSGTIqRAQ=="
        }
    }
}
